# This file is @generated by PDM.
# It is not intended for manual editing.

[metadata]
groups = ["default"]
cross_platform = true
static_urls = false
lock_version = "4.3"
content_hash = "sha256:2e680090827d5c6854543ef3c547430a550d7129acfa13a7b9df2084462deb74"

[[package]]
name = "async-tkinter-loop"
version = "0.9.1"
requires_python = ">=3.8,<4.0"
summary = "Asynchronous mainloop implementation for tkinter"
files = [
    {file = "async_tkinter_loop-0.9.1-py3-none-any.whl", hash = "sha256:eaf4ca97cd08b7dc1e9995809c035e48c6811206ea3d29edc288a27e69023e3a"},
    {file = "async_tkinter_loop-0.9.1.tar.gz", hash = "sha256:3e1c71f51a2f8d4e493a89ccb7b661ba6d3f046452e4e2d10242d39782ff056e"},
]

[[package]]
name = "mpy-cross-v5"
version = "1.0.1"
summary = "Python wrapper for the mpy-cross tool from MicroPython."
files = [
    {file = "mpy-cross-v5-1.0.1.tar.gz", hash = "sha256:359febd229d9a59d434461e66e4adf25b7d06d6b04f3bd18381e6c62210778ee"},
    {file = "mpy_cross_v5-1.0.1-py3-none-macosx_10_9_x86_64.whl", hash = "sha256:877dfe1a3d8555654a36bbaa778395a432b4ad6bb17c341d810932ba0d6d66c9"},
    {file = "mpy_cross_v5-1.0.1-py3-none-macosx_11_0_arm64.whl", hash = "sha256:7ea822887796737e1954ccfb135e969c87e0cab48882f1c216f38d1a16565e7e"},
    {file = "mpy_cross_v5-1.0.1-py3-none-manylinux_2_17_aarch64.manylinux2014_aarch64.whl", hash = "sha256:c4ac88427201e458e0d53ccc5b226fb21b3a4eca71472d4d449425e60889b1ed"},
    {file = "mpy_cross_v5-1.0.1-py3-none-manylinux_2_17_x86_64.manylinux2014_x86_64.whl", hash = "sha256:183fdf485185b53311a8f01423404a89a62701e5643c2f483374be291095129c"},
    {file = "mpy_cross_v5-1.0.1-py3-none-musllinux_1_1_aarch64.whl", hash = "sha256:b0ee1b019d64b75c6d4a086c9f6f46d05f0693b2645d5cd3e6d857aafbab0c21"},
    {file = "mpy_cross_v5-1.0.1-py3-none-musllinux_1_1_x86_64.whl", hash = "sha256:b8bd7b559d0d37958cd21d572281538adc8e81069d8d724e661381918d9edd13"},
    {file = "mpy_cross_v5-1.0.1-py3-none-win32.whl", hash = "sha256:d0267131bd8f9929ef23601aa1063aa751df757fbf9614fcda0e1a06ca7faaf0"},
    {file = "mpy_cross_v5-1.0.1-py3-none-win_amd64.whl", hash = "sha256:fa0a261e72dc7790ad593e5341bbe10ec2d3870bc2b66434e6fc726096e522f1"},
]

[[package]]
name = "pyserial"
version = "3.5"
summary = "Python Serial Port Extension"
files = [
    {file = "pyserial-3.5-py2.py3-none-any.whl", hash = "sha256:c4451db6ba391ca6ca299fb3ec7bae67a5c55dde170964c7a14ceefec02f2cf0"},
    {file = "pyserial-3.5.tar.gz", hash = "sha256:3c77e014170dfffbd816e6ffc205e9842efb10be9f58ec16d3e8675b4925cddb"},
]
